// !$*UTF8*$!
{
	archiveVersion = 1;
	classes = {
	};
	objectVersion = 50;
	objects = {

/* Begin PBXBuildFile section */
		8396CCF8244DA223009FDFAF /* UILabelExt.swift in Sources */ = {isa = PBXBuildFile; fileRef = 8396CCE7244DA223009FDFAF /* UILabelExt.swift */; };
		8396CCF9244DA223009FDFAF /* DeclarativeUIKit.swift in Sources */ = {isa = PBXBuildFile; fileRef = 8396CCE8244DA223009FDFAF /* DeclarativeUIKit.swift */; };
		8396CCFA244DA223009FDFAF /* UIView+TargetEvent.swift in Sources */ = {isa = PBXBuildFile; fileRef = 8396CCEA244DA223009FDFAF /* UIView+TargetEvent.swift */; };
		8396CCFB244DA223009FDFAF /* UIView+AutoLayout.swift in Sources */ = {isa = PBXBuildFile; fileRef = 8396CCEB244DA223009FDFAF /* UIView+AutoLayout.swift */; };
		8396CCFC244DA223009FDFAF /* UIView+Appearence.swift in Sources */ = {isa = PBXBuildFile; fileRef = 8396CCEC244DA223009FDFAF /* UIView+Appearence.swift */; };
		8396CCFD244DA223009FDFAF /* UIView+Stacking.swift in Sources */ = {isa = PBXBuildFile; fileRef = 8396CCED244DA223009FDFAF /* UIView+Stacking.swift */; };
		8396CCFE244DA223009FDFAF /* Declarative.swift in Sources */ = {isa = PBXBuildFile; fileRef = 8396CCEE244DA223009FDFAF /* Declarative.swift */; };
		83BEE0F1245055B5002E82A2 /* AttributeString.swift in Sources */ = {isa = PBXBuildFile; fileRef = 83BEE0F0245055B5002E82A2 /* AttributeString.swift */; };
		A0E217782413555400C3AB36 /* AppDelegate.swift in Sources */ = {isa = PBXBuildFile; fileRef = A0E217772413555400C3AB36 /* AppDelegate.swift */; };
		A0E2177A2413555400C3AB36 /* SceneDelegate.swift in Sources */ = {isa = PBXBuildFile; fileRef = A0E217792413555400C3AB36 /* SceneDelegate.swift */; };
		A0E2177C2413555400C3AB36 /* ViewController.swift in Sources */ = {isa = PBXBuildFile; fileRef = A0E2177B2413555400C3AB36 /* ViewController.swift */; };
		A0E2177F2413555400C3AB36 /* Main.storyboard in Resources */ = {isa = PBXBuildFile; fileRef = A0E2177D2413555400C3AB36 /* Main.storyboard */; };
		A0E217842413555800C3AB36 /* Assets.xcassets in Resources */ = {isa = PBXBuildFile; fileRef = A0E217832413555800C3AB36 /* Assets.xcassets */; };
		A0E217872413555800C3AB36 /* LaunchScreen.storyboard in Resources */ = {isa = PBXBuildFile; fileRef = A0E217852413555800C3AB36 /* LaunchScreen.storyboard */; };
/* End PBXBuildFile section */

/* Begin PBXFileReference section */
		8396CCE7244DA223009FDFAF /* UILabelExt.swift */ = {isa = PBXFileReference; fileEncoding = 4; lastKnownFileType = sourcecode.swift; path = UILabelExt.swift; sourceTree = "<group>"; };
		8396CCE8244DA223009FDFAF /* DeclarativeUIKit.swift */ = {isa = PBXFileReference; fileEncoding = 4; lastKnownFileType = sourcecode.swift; path = DeclarativeUIKit.swift; sourceTree = "<group>"; };
		8396CCEA244DA223009FDFAF /* UIView+TargetEvent.swift */ = {isa = PBXFileReference; fileEncoding = 4; lastKnownFileType = sourcecode.swift; path = "UIView+TargetEvent.swift"; sourceTree = "<group>"; };
		8396CCEB244DA223009FDFAF /* UIView+AutoLayout.swift */ = {isa = PBXFileReference; fileEncoding = 4; lastKnownFileType = sourcecode.swift; path = "UIView+AutoLayout.swift"; sourceTree = "<group>"; };
		8396CCEC244DA223009FDFAF /* UIView+Appearence.swift */ = {isa = PBXFileReference; fileEncoding = 4; lastKnownFileType = sourcecode.swift; path = "UIView+Appearence.swift"; sourceTree = "<group>"; };
		8396CCED244DA223009FDFAF /* UIView+Stacking.swift */ = {isa = PBXFileReference; fileEncoding = 4; lastKnownFileType = sourcecode.swift; path = "UIView+Stacking.swift"; sourceTree = "<group>"; };
		8396CCEE244DA223009FDFAF /* Declarative.swift */ = {isa = PBXFileReference; fileEncoding = 4; lastKnownFileType = sourcecode.swift; path = Declarative.swift; sourceTree = "<group>"; };
		83BEE0F0245055B5002E82A2 /* AttributeString.swift */ = {isa = PBXFileReference; lastKnownFileType = sourcecode.swift; path = AttributeString.swift; sourceTree = "<group>"; };
		A0E217742413555400C3AB36 /* ExampleDeclarativeUIKit.app */ = {isa = PBXFileReference; explicitFileType = wrapper.application; includeInIndex = 0; path = ExampleDeclarativeUIKit.app; sourceTree = BUILT_PRODUCTS_DIR; };
		A0E217772413555400C3AB36 /* AppDelegate.swift */ = {isa = PBXFileReference; lastKnownFileType = sourcecode.swift; path = AppDelegate.swift; sourceTree = "<group>"; };
		A0E217792413555400C3AB36 /* SceneDelegate.swift */ = {isa = PBXFileReference; lastKnownFileType = sourcecode.swift; path = SceneDelegate.swift; sourceTree = "<group>"; };
		A0E2177B2413555400C3AB36 /* ViewController.swift */ = {isa = PBXFileReference; lastKnownFileType = sourcecode.swift; path = ViewController.swift; sourceTree = "<group>"; };
		A0E2177E2413555400C3AB36 /* Base */ = {isa = PBXFileReference; lastKnownFileType = file.storyboard; name = Base; path = Base.lproj/Main.storyboard; sourceTree = "<group>"; };
		A0E217832413555800C3AB36 /* Assets.xcassets */ = {isa = PBXFileReference; lastKnownFileType = folder.assetcatalog; path = Assets.xcassets; sourceTree = "<group>"; };
		A0E217862413555800C3AB36 /* Base */ = {isa = PBXFileReference; lastKnownFileType = file.storyboard; name = Base; path = Base.lproj/LaunchScreen.storyboard; sourceTree = "<group>"; };
		A0E217882413555800C3AB36 /* Info.plist */ = {isa = PBXFileReference; lastKnownFileType = text.plist.xml; path = Info.plist; sourceTree = "<group>"; };
/* End PBXFileReference section */

/* Begin PBXFrameworksBuildPhase section */
		A0E217712413555400C3AB36 /* Frameworks */ = {
			isa = PBXFrameworksBuildPhase;
			buildActionMask = 2147483647;
			files = (
			);
			runOnlyForDeploymentPostprocessing = 0;
		};
/* End PBXFrameworksBuildPhase section */

/* Begin PBXGroup section */
		8396CCE5244DA223009FDFAF /* DeclarativeUIKit */ = {
			isa = PBXGroup;
			children = (
				8396CCE6244DA223009FDFAF /* Extension */,
				8396CCE8244DA223009FDFAF /* DeclarativeUIKit.swift */,
				8396CCE9244DA223009FDFAF /* Declarative */,
			);
			name = DeclarativeUIKit;
			path = ../../Sources/DeclarativeUIKit;
			sourceTree = "<group>";
		};
		8396CCE6244DA223009FDFAF /* Extension */ = {
			isa = PBXGroup;
			children = (
				8396CCE7244DA223009FDFAF /* UILabelExt.swift */,
				83BEE0F0245055B5002E82A2 /* AttributeString.swift */,
			);
			path = Extension;
			sourceTree = "<group>";
		};
		8396CCE9244DA223009FDFAF /* Declarative */ = {
			isa = PBXGroup;
			children = (
				8396CCEA244DA223009FDFAF /* UIView+TargetEvent.swift */,
				8396CCEB244DA223009FDFAF /* UIView+AutoLayout.swift */,
				8396CCEC244DA223009FDFAF /* UIView+Appearence.swift */,
				8396CCED244DA223009FDFAF /* UIView+Stacking.swift */,
				8396CCEE244DA223009FDFAF /* Declarative.swift */,
			);
			path = Declarative;
			sourceTree = "<group>";
		};
		A0E2176B2413555400C3AB36 = {
			isa = PBXGroup;
			children = (
				A0E217762413555400C3AB36 /* ExampleDeclarativeUIKit */,
				A0E217752413555400C3AB36 /* Products */,
			);
			sourceTree = "<group>";
		};
		A0E217752413555400C3AB36 /* Products */ = {
			isa = PBXGroup;
			children = (
				A0E217742413555400C3AB36 /* ExampleDeclarativeUIKit.app */,
			);
			name = Products;
			sourceTree = "<group>";
		};
		A0E217762413555400C3AB36 /* ExampleDeclarativeUIKit */ = {
			isa = PBXGroup;
			children = (
				8396CCE5244DA223009FDFAF /* DeclarativeUIKit */,
				A0E217772413555400C3AB36 /* AppDelegate.swift */,
				A0E217792413555400C3AB36 /* SceneDelegate.swift */,
				A0E2177B2413555400C3AB36 /* ViewController.swift */,
				A0E2177D2413555400C3AB36 /* Main.storyboard */,
				A0E217832413555800C3AB36 /* Assets.xcassets */,
				A0E217852413555800C3AB36 /* LaunchScreen.storyboard */,
				A0E217882413555800C3AB36 /* Info.plist */,
			);
			path = ExampleDeclarativeUIKit;
			sourceTree = "<group>";
		};
/* End PBXGroup section */

/* Begin PBXNativeTarget section */
		A0E217732413555400C3AB36 /* ExampleDeclarativeUIKit */ = {
			isa = PBXNativeTarget;
			buildConfigurationList = A0E2178B2413555800C3AB36 /* Build configuration list for PBXNativeTarget "ExampleDeclarativeUIKit" */;
			buildPhases = (
				A0E217702413555400C3AB36 /* Sources */,
				A0E217712413555400C3AB36 /* Frameworks */,
				A0E217722413555400C3AB36 /* Resources */,
			);
			buildRules = (
			);
			dependencies = (
			);
			name = ExampleDeclarativeUIKit;
			packageProductDependencies = (
			);
			productName = ExampleDeclarativeUIKit;
			productReference = A0E217742413555400C3AB36 /* ExampleDeclarativeUIKit.app */;
			productType = "com.apple.product-type.application";
		};
/* End PBXNativeTarget section */

/* Begin PBXProject section */
		A0E2176C2413555400C3AB36 /* Project object */ = {
			isa = PBXProject;
			attributes = {
				LastSwiftUpdateCheck = 1130;
				LastUpgradeCheck = 1130;
				ORGANIZATIONNAME = phthphat;
				TargetAttributes = {
					A0E217732413555400C3AB36 = {
						CreatedOnToolsVersion = 11.3.1;
					};
				};
			};
			buildConfigurationList = A0E2176F2413555400C3AB36 /* Build configuration list for PBXProject "ExampleDeclarativeUIKit" */;
			compatibilityVersion = "Xcode 9.3";
			developmentRegion = en;
			hasScannedForEncodings = 0;
			knownRegions = (
				en,
				Base,
			);
			mainGroup = A0E2176B2413555400C3AB36;
			packageReferences = (
			);
			productRefGroup = A0E217752413555400C3AB36 /* Products */;
			projectDirPath = "";
			projectRoot = "";
			targets = (
				A0E217732413555400C3AB36 /* ExampleDeclarativeUIKit */,
			);
		};
/* End PBXProject section */

/* Begin PBXResourcesBuildPhase section */
		A0E217722413555400C3AB36 /* Resources */ = {
			isa = PBXResourcesBuildPhase;
			buildActionMask = 2147483647;
			files = (
				A0E217872413555800C3AB36 /* LaunchScreen.storyboard in Resources */,
				A0E217842413555800C3AB36 /* Assets.xcassets in Resources */,
				A0E2177F2413555400C3AB36 /* Main.storyboard in Resources */,
			);
			runOnlyForDeploymentPostprocessing = 0;
		};
/* End PBXResourcesBuildPhase section */

/* Begin PBXSourcesBuildPhase section */
		A0E217702413555400C3AB36 /* Sources */ = {
			isa = PBXSourcesBuildPhase;
			buildActionMask = 2147483647;
			files = (
				83BEE0F1245055B5002E82A2 /* AttributeString.swift in Sources */,
				8396CCFE244DA223009FDFAF /* Declarative.swift in Sources */,
				8396CCF9244DA223009FDFAF /* DeclarativeUIKit.swift in Sources */,
				A0E2177C2413555400C3AB36 /* ViewController.swift in Sources */,
				8396CCFC244DA223009FDFAF /* UIView+Appearence.swift in Sources */,
				A0E217782413555400C3AB36 /* AppDelegate.swift in Sources */,
				8396CCFB244DA223009FDFAF /* UIView+AutoLayout.swift in Sources */,
				8396CCF8244DA223009FDFAF /* UILabelExt.swift in Sources */,
				8396CCFA244DA223009FDFAF /* UIView+TargetEvent.swift in Sources */,
				A0E2177A2413555400C3AB36 /* SceneDelegate.swift in Sources */,
				8396CCFD244DA223009FDFAF /* UIView+Stacking.swift in Sources */,
			);
			runOnlyForDeploymentPostprocessing = 0;
		};
/* End PBXSourcesBuildPhase section */

/* Begin PBXVariantGroup section */
		A0E2177D2413555400C3AB36 /* Main.storyboard */ = {
			isa = PBXVariantGroup;
			children = (
				A0E2177E2413555400C3AB36 /* Base */,
			);
			name = Main.storyboard;
			sourceTree = "<group>";
		};
		A0E217852413555800C3AB36 /* LaunchScreen.storyboard */ = {
			isa = PBXVariantGroup;
			children = (
				A0E217862413555800C3AB36 /* Base */,
			);
			name = LaunchScreen.storyboard;
			sourceTree = "<group>";
		};
/* End PBXVariantGroup section */

/* Begin XCBuildConfiguration section */
		A0E217892413555800C3AB36 /* Debug */ = {
			isa = XCBuildConfiguration;
			buildSettings = {
				ALWAYS_SEARCH_USER_PATHS = NO;
				CLANG_ANALYZER_NONNULL = YES;
				CLANG_ANALYZER_NUMBER_OBJECT_CONVERSION = YES_AGGRESSIVE;
				CLANG_CXX_LANGUAGE_STANDARD = "gnu++14";
				CLANG_CXX_LIBRARY = "libc++";
				CLANG_ENABLE_MODULES = YES;
				CLANG_ENABLE_OBJC_ARC = YES;
				CLANG_ENABLE_OBJC_WEAK = YES;
				CLANG_WARN_BLOCK_CAPTURE_AUTORELEASING = YES;
				CLANG_WARN_BOOL_CONVERSION = YES;
				CLANG_WARN_COMMA = YES;
				CLANG_WARN_CONSTANT_CONVERSION = YES;
				CLANG_WARN_DEPRECATED_OBJC_IMPLEMENTATIONS = YES;
				CLANG_WARN_DIRECT_OBJC_ISA_USAGE = YES_ERROR;
				CLANG_WARN_DOCUMENTATION_COMMENTS = YES;
				CLANG_WARN_EMPTY_BODY = YES;
				CLANG_WARN_ENUM_CONVERSION = YES;
				CLANG_WARN_INFINITE_RECURSION = YES;
				CLANG_WARN_INT_CONVERSION = YES;
				CLANG_WARN_NON_LITERAL_NULL_CONVERSION = YES;
				CLANG_WARN_OBJC_IMPLICIT_RETAIN_SELF = YES;
				CLANG_WARN_OBJC_LITERAL_CONVERSION = YES;
				CLANG_WARN_OBJC_ROOT_CLASS = YES_ERROR;
				CLANG_WARN_RANGE_LOOP_ANALYSIS = YES;
				CLANG_WARN_STRICT_PROTOTYPES = YES;
				CLANG_WARN_SUSPICIOUS_MOVE = YES;
				CLANG_WARN_UNGUARDED_AVAILABILITY = YES_AGGRESSIVE;
				CLANG_WARN_UNREACHABLE_CODE = YES;
				CLANG_WARN__DUPLICATE_METHOD_MATCH = YES;
				COPY_PHASE_STRIP = NO;
				DEBUG_INFORMATION_FORMAT = dwarf;
				ENABLE_STRICT_OBJC_MSGSEND = YES;
				ENABLE_TESTABILITY = YES;
				GCC_C_LANGUAGE_STANDARD = gnu11;
				GCC_DYNAMIC_NO_PIC = NO;
				GCC_NO_COMMON_BLOCKS = YES;
				GCC_OPTIMIZATION_LEVEL = 0;
				GCC_PREPROCESSOR_DEFINITIONS = (
					"DEBUG=1",
					"$(inherited)",
				);
				GCC_WARN_64_TO_32_BIT_CONVERSION = YES;
				GCC_WARN_ABOUT_RETURN_TYPE = YES_ERROR;
				GCC_WARN_UNDECLARED_SELECTOR = YES;
				GCC_WARN_UNINITIALIZED_AUTOS = YES_AGGRESSIVE;
				GCC_WARN_UNUSED_FUNCTION = YES;
				GCC_WARN_UNUSED_VARIABLE = YES;
				IPHONEOS_DEPLOYMENT_TARGET = 13.2;
				MTL_ENABLE_DEBUG_INFO = INCLUDE_SOURCE;
				MTL_FAST_MATH = YES;
				ONLY_ACTIVE_ARCH = YES;
				SDKROOT = iphoneos;
				SWIFT_ACTIVE_COMPILATION_CONDITIONS = DEBUG;
				SWIFT_OPTIMIZATION_LEVEL = "-Onone";
			};
			name = Debug;
		};
		A0E2178A2413555800C3AB36 /* Release */ = {
			isa = XCBuildConfiguration;
			buildSettings = {
				ALWAYS_SEARCH_USER_PATHS = NO;
				CLANG_ANALYZER_NONNULL = YES;
				CLANG_ANALYZER_NUMBER_OBJECT_CONVERSION = YES_AGGRESSIVE;
				CLANG_CXX_LANGUAGE_STANDARD = "gnu++14";
				CLANG_CXX_LIBRARY = "libc++";
				CLANG_ENABLE_MODULES = YES;
				CLANG_ENABLE_OBJC_ARC = YES;
				CLANG_ENABLE_OBJC_WEAK = YES;
				CLANG_WARN_BLOCK_CAPTURE_AUTORELEASING = YES;
				CLANG_WARN_BOOL_CONVERSION = YES;
				CLANG_WARN_COMMA = YES;
				CLANG_WARN_CONSTANT_CONVERSION = YES;
				CLANG_WARN_DEPRECATED_OBJC_IMPLEMENTATIONS = YES;
				CLANG_WARN_DIRECT_OBJC_ISA_USAGE = YES_ERROR;
				CLANG_WARN_DOCUMENTATION_COMMENTS = YES;
				CLANG_WARN_EMPTY_BODY = YES;
				CLANG_WARN_ENUM_CONVERSION = YES;
				CLANG_WARN_INFINITE_RECURSION = YES;
				CLANG_WARN_INT_CONVERSION = YES;
				CLANG_WARN_NON_LITERAL_NULL_CONVERSION = YES;
				CLANG_WARN_OBJC_IMPLICIT_RETAIN_SELF = YES;
				CLANG_WARN_OBJC_LITERAL_CONVERSION = YES;
				CLANG_WARN_OBJC_ROOT_CLASS = YES_ERROR;
				CLANG_WARN_RANGE_LOOP_ANALYSIS = YES;
				CLANG_WARN_STRICT_PROTOTYPES = YES;
				CLANG_WARN_SUSPICIOUS_MOVE = YES;
				CLANG_WARN_UNGUARDED_AVAILABILITY = YES_AGGRESSIVE;
				CLANG_WARN_UNREACHABLE_CODE = YES;
				CLANG_WARN__DUPLICATE_METHOD_MATCH = YES;
				COPY_PHASE_STRIP = NO;
				DEBUG_INFORMATION_FORMAT = "dwarf-with-dsym";
				ENABLE_NS_ASSERTIONS = NO;
				ENABLE_STRICT_OBJC_MSGSEND = YES;
				GCC_C_LANGUAGE_STANDARD = gnu11;
				GCC_NO_COMMON_BLOCKS = YES;
				GCC_WARN_64_TO_32_BIT_CONVERSION = YES;
				GCC_WARN_ABOUT_RETURN_TYPE = YES_ERROR;
				GCC_WARN_UNDECLARED_SELECTOR = YES;
				GCC_WARN_UNINITIALIZED_AUTOS = YES_AGGRESSIVE;
				GCC_WARN_UNUSED_FUNCTION = YES;
				GCC_WARN_UNUSED_VARIABLE = YES;
				IPHONEOS_DEPLOYMENT_TARGET = 13.2;
				MTL_ENABLE_DEBUG_INFO = NO;
				MTL_FAST_MATH = YES;
				SDKROOT = iphoneos;
				SWIFT_COMPILATION_MODE = wholemodule;
				SWIFT_OPTIMIZATION_LEVEL = "-O";
				VALIDATE_PRODUCT = YES;
			};
			name = Release;
		};
		A0E2178C2413555800C3AB36 /* Debug */ = {
			isa = XCBuildConfiguration;
			buildSettings = {
				ASSETCATALOG_COMPILER_APPICON_NAME = AppIcon;
				CODE_SIGN_STYLE = Automatic;
				INFOPLIST_FILE = ExampleDeclarativeUIKit/Info.plist;
				LD_RUNPATH_SEARCH_PATHS = (
					"$(inherited)",
					"@executable_path/Frameworks",
				);
				PRODUCT_BUNDLE_IDENTIFIER = com.phthphat.ExampleDeclarativeUIKit;
				PRODUCT_NAME = "$(TARGET_NAME)";
				SWIFT_VERSION = 5.0;
				TARGETED_DEVICE_FAMILY = "1,2";
			};
			name = Debug;
		};
		A0E2178D2413555800C3AB36 /* Release */ = {
			isa = XCBuildConfiguration;
			buildSettings = {
				ASSETCATALOG_COMPILER_APPICON_NAME = AppIcon;
				CODE_SIGN_STYLE = Automatic;
				INFOPLIST_FILE = ExampleDeclarativeUIKit/Info.plist;
				LD_RUNPATH_SEARCH_PATHS = (
					"$(inherited)",
					"@executable_path/Frameworks",
				);
				PRODUCT_BUNDLE_IDENTIFIER = com.phthphat.ExampleDeclarativeUIKit;
				PRODUCT_NAME = "$(TARGET_NAME)";
				SWIFT_VERSION = 5.0;
				TARGETED_DEVICE_FAMILY = "1,2";
			};
			name = Release;
		};
/* End XCBuildConfiguration section */

/* Begin XCConfigurationList section */
		A0E2176F2413555400C3AB36 /* Build configuration list for PBXProject "ExampleDeclarativeUIKit" */ = {
			isa = XCConfigurationList;
			buildConfigurations = (
				A0E217892413555800C3AB36 /* Debug */,
				A0E2178A2413555800C3AB36 /* Release */,
			);
			defaultConfigurationIsVisible = 0;
			defaultConfigurationName = Release;
		};
		A0E2178B2413555800C3AB36 /* Build configuration list for PBXNativeTarget "ExampleDeclarativeUIKit" */ = {
			isa = XCConfigurationList;
			buildConfigurations = (
				A0E2178C2413555800C3AB36 /* Debug */,
				A0E2178D2413555800C3AB36 /* Release */,
			);
			defaultConfigurationIsVisible = 0;
			defaultConfigurationName = Release;
		};
/* End XCConfigurationList section */
	};
	rootObject = A0E2176C2413555400C3AB36 /* Project object */;
}
