{
  "object": {
    "pins": [
      {
        "package": "DeclarativeUIKit",
        "repositoryURL": "https://gitlab.com/phthphat-share/declarativeuikit.git",
        "state": {
          "branch": "master",
          "revision": "b5380281ad45ae89599ebcf6d729d566063c8a27",
          "version": null
        }
      }
    ]
  },
  "version": 1
}
