{
  "object": {
    "pins": [
      {
        "package": "DeclarativeUIKit",
        "repositoryURL": "https://gitlab.com/phthphat-share/declarativeuikit.git",
        "state": {
          "branch": "master",
          "revision": "ed99b055b26f7438afea15328e0524a8db945188",
          "version": null
        }
      }
    ]
  },
  "version": 1
}
