{
  "object": {
    "pins": [
      {
        "package": "DeclarativeUIKit",
        "repositoryURL": "https://gitlab.com/phthphat-share/declarativeuikit.git",
        "state": {
          "branch": "master",
          "revision": "46ccee7642f79766f82344e07784c46d08efbd78",
          "version": null
        }
      }
    ]
  },
  "version": 1
}
